// !$*UTF8*$!
{
	archiveVersion = 1;
	classes = {
	};
	objectVersion = 46;
	objects = {

/* Begin PBXBuildFile section */
		4DDD00851C0B81080037E219 /* AppDelegate.swift in Sources */ = {isa = PBXBuildFile; fileRef = 4DDD00841C0B81080037E219 /* AppDelegate.swift */; };
		4DDD00871C0B81080037E219 /* ViewController.swift in Sources */ = {isa = PBXBuildFile; fileRef = 4DDD00861C0B81080037E219 /* ViewController.swift */; };
		4DDD008A1C0B81080037E219 /* Main.storyboard in Resources */ = {isa = PBXBuildFile; fileRef = 4DDD00881C0B81080037E219 /* Main.storyboard */; };
		4DDD008C1C0B81080037E219 /* Assets.xcassets in Resources */ = {isa = PBXBuildFile; fileRef = 4DDD008B1C0B81080037E219 /* Assets.xcassets */; };
		4DDD008F1C0B81080037E219 /* LaunchScreen.storyboard in Resources */ = {isa = PBXBuildFile; fileRef = 4DDD008D1C0B81080037E219 /* LaunchScreen.storyboard */; };
		4DDD009A1C0B81080037E219 /* FoodTrackerTests.swift in Sources */ = {isa = PBXBuildFile; fileRef = 4DDD00991C0B81080037E219 /* FoodTrackerTests.swift */; };
		4DDD00A51C0BC0D00037E219 /* RatingControl.swift in Sources */ = {isa = PBXBuildFile; fileRef = 4DDD00A41C0BC0D00037E219 /* RatingControl.swift */; };
/* End PBXBuildFile section */

/* Begin PBXContainerItemProxy section */
		4DDD00961C0B81080037E219 /* PBXContainerItemProxy */ = {
			isa = PBXContainerItemProxy;
			containerPortal = 4DDD00791C0B81080037E219 /* Project object */;
			proxyType = 1;
			remoteGlobalIDString = 4DDD00801C0B81080037E219;
			remoteInfo = FoodTracker;
		};
/* End PBXContainerItemProxy section */

/* Begin PBXFileReference section */
		4DDD00811C0B81080037E219 /* FoodTracker.app */ = {isa = PBXFileReference; explicitFileType = wrapper.application; includeInIndex = 0; path = FoodTracker.app; sourceTree = BUILT_PRODUCTS_DIR; };
		4DDD00841C0B81080037E219 /* AppDelegate.swift */ = {isa = PBXFileReference; lastKnownFileType = sourcecode.swift; path = AppDelegate.swift; sourceTree = "<group>"; };
		4DDD00861C0B81080037E219 /* ViewController.swift */ = {isa = PBXFileReference; lastKnownFileType = sourcecode.swift; path = ViewController.swift; sourceTree = "<group>"; };
		4DDD00891C0B81080037E219 /* Base */ = {isa = PBXFileReference; lastKnownFileType = file.storyboard; name = Base; path = Base.lproj/Main.storyboard; sourceTree = "<group>"; };
		4DDD008B1C0B81080037E219 /* Assets.xcassets */ = {isa = PBXFileReference; lastKnownFileType = folder.assetcatalog; path = Assets.xcassets; sourceTree = "<group>"; };
		4DDD008E1C0B81080037E219 /* Base */ = {isa = PBXFileReference; lastKnownFileType = file.storyboard; name = Base; path = Base.lproj/LaunchScreen.storyboard; sourceTree = "<group>"; };
		4DDD00901C0B81080037E219 /* Info.plist */ = {isa = PBXFileReference; lastKnownFileType = text.plist.xml; path = Info.plist; sourceTree = "<group>"; };
		4DDD00951C0B81080037E219 /* FoodTrackerTests.xctest */ = {isa = PBXFileReference; explicitFileType = wrapper.cfbundle; includeInIndex = 0; path = FoodTrackerTests.xctest; sourceTree = BUILT_PRODUCTS_DIR; };
		4DDD00991C0B81080037E219 /* FoodTrackerTests.swift */ = {isa = PBXFileReference; lastKnownFileType = sourcecode.swift; path = FoodTrackerTests.swift; sourceTree = "<group>"; };
		4DDD009B1C0B81080037E219 /* Info.plist */ = {isa = PBXFileReference; lastKnownFileType = text.plist.xml; path = Info.plist; sourceTree = "<group>"; };
		4DDD00A41C0BC0D00037E219 /* RatingControl.swift */ = {isa = PBXFileReference; fileEncoding = 4; lastKnownFileType = sourcecode.swift; path = RatingControl.swift; sourceTree = "<group>"; };
/* End PBXFileReference section */

/* Begin PBXFrameworksBuildPhase section */
		4DDD007E1C0B81080037E219 /* Frameworks */ = {
			isa = PBXFrameworksBuildPhase;
			buildActionMask = 2147483647;
			files = (
			);
			runOnlyForDeploymentPostprocessing = 0;
		};
		4DDD00921C0B81080037E219 /* Frameworks */ = {
			isa = PBXFrameworksBuildPhase;
			buildActionMask = 2147483647;
			files = (
			);
			runOnlyForDeploymentPostprocessing = 0;
		};
/* End PBXFrameworksBuildPhase section */

/* Begin PBXGroup section */
		4DDD00781C0B81080037E219 = {
			isa = PBXGroup;
			children = (
				4DDD00831C0B81080037E219 /* FoodTracker */,
				4DDD00981C0B81080037E219 /* FoodTrackerTests */,
				4DDD00821C0B81080037E219 /* Products */,
			);
			sourceTree = "<group>";
		};
		4DDD00821C0B81080037E219 /* Products */ = {
			isa = PBXGroup;
			children = (
				4DDD00811C0B81080037E219 /* FoodTracker.app */,
				4DDD00951C0B81080037E219 /* FoodTrackerTests.xctest */,
			);
			name = Products;
			sourceTree = "<group>";
		};
		4DDD00831C0B81080037E219 /* FoodTracker */ = {
			isa = PBXGroup;
			children = (
				4DDD00841C0B81080037E219 /* AppDelegate.swift */,
				4DDD00861C0B81080037E219 /* ViewController.swift */,
				4DDD00A41C0BC0D00037E219 /* RatingControl.swift */,
				4DDD00881C0B81080037E219 /* Main.storyboard */,
				4DDD008B1C0B81080037E219 /* Assets.xcassets */,
				4DDD008D1C0B81080037E219 /* LaunchScreen.storyboard */,
				4DDD00901C0B81080037E219 /* Info.plist */,
			);
			path = FoodTracker;
			sourceTree = "<group>";
		};
		4DDD00981C0B81080037E219 /* FoodTrackerTests */ = {
			isa = PBXGroup;
			children = (
				4DDD00991C0B81080037E219 /* FoodTrackerTests.swift */,
				4DDD009B1C0B81080037E219 /* Info.plist */,
			);
			path = FoodTrackerTests;
			sourceTree = "<group>";
		};
/* End PBXGroup section */

/* Begin PBXNativeTarget section */
		4DDD00801C0B81080037E219 /* FoodTracker */ = {
			isa = PBXNativeTarget;
			buildConfigurationList = 4DDD009E1C0B81080037E219 /* Build configuration list for PBXNativeTarget "FoodTracker" */;
			buildPhases = (
				4DDD007D1C0B81080037E219 /* Sources */,
				4DDD007E1C0B81080037E219 /* Frameworks */,
				4DDD007F1C0B81080037E219 /* Resources */,
			);
			buildRules = (
			);
			dependencies = (
			);
			name = FoodTracker;
			productName = FoodTracker;
			productReference = 4DDD00811C0B81080037E219 /* FoodTracker.app */;
			productType = "com.apple.product-type.application";
		};
		4DDD00941C0B81080037E219 /* FoodTrackerTests */ = {
			isa = PBXNativeTarget;
			buildConfigurationList = 4DDD00A11C0B81080037E219 /* Build configuration list for PBXNativeTarget "FoodTrackerTests" */;
			buildPhases = (
				4DDD00911C0B81080037E219 /* Sources */,
				4DDD00921C0B81080037E219 /* Frameworks */,
				4DDD00931C0B81080037E219 /* Resources */,
			);
			buildRules = (
			);
			dependencies = (
				4DDD00971C0B81080037E219 /* PBXTargetDependency */,
			);
			name = FoodTrackerTests;
			productName = FoodTrackerTests;
			productReference = 4DDD00951C0B81080037E219 /* FoodTrackerTests.xctest */;
			productType = "com.apple.product-type.bundle.unit-test";
		};
/* End PBXNativeTarget section */

/* Begin PBXProject section */
		4DDD00791C0B81080037E219 /* Project object */ = {
			isa = PBXProject;
			attributes = {
				LastSwiftUpdateCheck = 0710;
				LastUpgradeCheck = 0710;
				ORGANIZATIONNAME = "Mark Tareshawty";
				TargetAttributes = {
					4DDD00801C0B81080037E219 = {
						CreatedOnToolsVersion = 7.1.1;
					};
					4DDD00941C0B81080037E219 = {
						CreatedOnToolsVersion = 7.1.1;
						TestTargetID = 4DDD00801C0B81080037E219;
					};
				};
			};
			buildConfigurationList = 4DDD007C1C0B81080037E219 /* Build configuration list for PBXProject "FoodTracker" */;
			compatibilityVersion = "Xcode 3.2";
			developmentRegion = English;
			hasScannedForEncodings = 0;
			knownRegions = (
				en,
				Base,
			);
			mainGroup = 4DDD00781C0B81080037E219;
			productRefGroup = 4DDD00821C0B81080037E219 /* Products */;
			projectDirPath = "";
			projectRoot = "";
			targets = (
				4DDD00801C0B81080037E219 /* FoodTracker */,
				4DDD00941C0B81080037E219 /* FoodTrackerTests */,
			);
		};
/* End PBXProject section */

/* Begin PBXResourcesBuildPhase section */
		4DDD007F1C0B81080037E219 /* Resources */ = {
			isa = PBXResourcesBuildPhase;
			buildActionMask = 2147483647;
			files = (
				4DDD008F1C0B81080037E219 /* LaunchScreen.storyboard in Resources */,
				4DDD008C1C0B81080037E219 /* Assets.xcassets in Resources */,
				4DDD008A1C0B81080037E219 /* Main.storyboard in Resources */,
			);
			runOnlyForDeploymentPostprocessing = 0;
		};
		4DDD00931C0B81080037E219 /* Resources */ = {
			isa = PBXResourcesBuildPhase;
			buildActionMask = 2147483647;
			files = (
			);
			runOnlyForDeploymentPostprocessing = 0;
		};
/* End PBXResourcesBuildPhase section */

/* Begin PBXSourcesBuildPhase section */
		4DDD007D1C0B81080037E219 /* Sources */ = {
			isa = PBXSourcesBuildPhase;
			buildActionMask = 2147483647;
			files = (
				4DDD00871C0B81080037E219 /* ViewController.swift in Sources */,
				4DDD00A51C0BC0D00037E219 /* RatingControl.swift in Sources */,
				4DDD00851C0B81080037E219 /* AppDelegate.swift in Sources */,
			);
			runOnlyForDeploymentPostprocessing = 0;
		};
		4DDD00911C0B81080037E219 /* Sources */ = {
			isa = PBXSourcesBuildPhase;
			buildActionMask = 2147483647;
			files = (
				4DDD009A1C0B81080037E219 /* FoodTrackerTests.swift in Sources */,
			);
			runOnlyForDeploymentPostprocessing = 0;
		};
/* End PBXSourcesBuildPhase section */

/* Begin PBXTargetDependency section */
		4DDD00971C0B81080037E219 /* PBXTargetDependency */ = {
			isa = PBXTargetDependency;
			target = 4DDD00801C0B81080037E219 /* FoodTracker */;
			targetProxy = 4DDD00961C0B81080037E219 /* PBXContainerItemProxy */;
		};
/* End PBXTargetDependency section */

/* Begin PBXVariantGroup section */
		4DDD00881C0B81080037E219 /* Main.storyboard */ = {
			isa = PBXVariantGroup;
			children = (
				4DDD00891C0B81080037E219 /* Base */,
			);
			name = Main.storyboard;
			sourceTree = "<group>";
		};
		4DDD008D1C0B81080037E219 /* LaunchScreen.storyboard */ = {
			isa = PBXVariantGroup;
			children = (
				4DDD008E1C0B81080037E219 /* Base */,
			);
			name = LaunchScreen.storyboard;
			sourceTree = "<group>";
		};
/* End PBXVariantGroup section */

/* Begin XCBuildConfiguration section */
		4DDD009C1C0B81080037E219 /* Debug */ = {
			isa = XCBuildConfiguration;
			buildSettings = {
				ALWAYS_SEARCH_USER_PATHS = NO;
				CLANG_CXX_LANGUAGE_STANDARD = "gnu++0x";
				CLANG_CXX_LIBRARY = "libc++";
				CLANG_ENABLE_MODULES = YES;
				CLANG_ENABLE_OBJC_ARC = YES;
				CLANG_WARN_BOOL_CONVERSION = YES;
				CLANG_WARN_CONSTANT_CONVERSION = YES;
				CLANG_WARN_DIRECT_OBJC_ISA_USAGE = YES_ERROR;
				CLANG_WARN_EMPTY_BODY = YES;
				CLANG_WARN_ENUM_CONVERSION = YES;
				CLANG_WARN_INT_CONVERSION = YES;
				CLANG_WARN_OBJC_ROOT_CLASS = YES_ERROR;
				CLANG_WARN_UNREACHABLE_CODE = YES;
				CLANG_WARN__DUPLICATE_METHOD_MATCH = YES;
				"CODE_SIGN_IDENTITY[sdk=iphoneos*]" = "iPhone Developer";
				COPY_PHASE_STRIP = NO;
				DEBUG_INFORMATION_FORMAT = dwarf;
				ENABLE_STRICT_OBJC_MSGSEND = YES;
				ENABLE_TESTABILITY = YES;
				GCC_C_LANGUAGE_STANDARD = gnu99;
				GCC_DYNAMIC_NO_PIC = NO;
				GCC_NO_COMMON_BLOCKS = YES;
				GCC_OPTIMIZATION_LEVEL = 0;
				GCC_PREPROCESSOR_DEFINITIONS = (
					"DEBUG=1",
					"$(inherited)",
				);
				GCC_WARN_64_TO_32_BIT_CONVERSION = YES;
				GCC_WARN_ABOUT_RETURN_TYPE = YES_ERROR;
				GCC_WARN_UNDECLARED_SELECTOR = YES;
				GCC_WARN_UNINITIALIZED_AUTOS = YES_AGGRESSIVE;
				GCC_WARN_UNUSED_FUNCTION = YES;
				GCC_WARN_UNUSED_VARIABLE = YES;
				IPHONEOS_DEPLOYMENT_TARGET = 9.1;
				MTL_ENABLE_DEBUG_INFO = YES;
				ONLY_ACTIVE_ARCH = YES;
				SDKROOT = iphoneos;
				SWIFT_OPTIMIZATION_LEVEL = "-Onone";
				TARGETED_DEVICE_FAMILY = "1,2";
			};
			name = Debug;
		};
		4DDD009D1C0B81080037E219 /* Release */ = {
			isa = XCBuildConfiguration;
			buildSettings = {
				ALWAYS_SEARCH_USER_PATHS = NO;
				CLANG_CXX_LANGUAGE_STANDARD = "gnu++0x";
				CLANG_CXX_LIBRARY = "libc++";
				CLANG_ENABLE_MODULES = YES;
				CLANG_ENABLE_OBJC_ARC = YES;
				CLANG_WARN_BOOL_CONVERSION = YES;
				CLANG_WARN_CONSTANT_CONVERSION = YES;
				CLANG_WARN_DIRECT_OBJC_ISA_USAGE = YES_ERROR;
				CLANG_WARN_EMPTY_BODY = YES;
				CLANG_WARN_ENUM_CONVERSION = YES;
				CLANG_WARN_INT_CONVERSION = YES;
				CLANG_WARN_OBJC_ROOT_CLASS = YES_ERROR;
				CLANG_WARN_UNREACHABLE_CODE = YES;
				CLANG_WARN__DUPLICATE_METHOD_MATCH = YES;
				"CODE_SIGN_IDENTITY[sdk=iphoneos*]" = "iPhone Developer";
				COPY_PHASE_STRIP = NO;
				DEBUG_INFORMATION_FORMAT = "dwarf-with-dsym";
				ENABLE_NS_ASSERTIONS = NO;
				ENABLE_STRICT_OBJC_MSGSEND = YES;
				GCC_C_LANGUAGE_STANDARD = gnu99;
				GCC_NO_COMMON_BLOCKS = YES;
				GCC_WARN_64_TO_32_BIT_CONVERSION = YES;
				GCC_WARN_ABOUT_RETURN_TYPE = YES_ERROR;
				GCC_WARN_UNDECLARED_SELECTOR = YES;
				GCC_WARN_UNINITIALIZED_AUTOS = YES_AGGRESSIVE;
				GCC_WARN_UNUSED_FUNCTION = YES;
				GCC_WARN_UNUSED_VARIABLE = YES;
				IPHONEOS_DEPLOYMENT_TARGET = 9.1;
				MTL_ENABLE_DEBUG_INFO = NO;
				SDKROOT = iphoneos;
				TARGETED_DEVICE_FAMILY = "1,2";
				VALIDATE_PRODUCT = YES;
			};
			name = Release;
		};
		4DDD009F1C0B81080037E219 /* Debug */ = {
			isa = XCBuildConfiguration;
			buildSettings = {
				ASSETCATALOG_COMPILER_APPICON_NAME = AppIcon;
				INFOPLIST_FILE = FoodTracker/Info.plist;
				LD_RUNPATH_SEARCH_PATHS = "$(inherited) @executable_path/Frameworks";
				PRODUCT_BUNDLE_IDENTIFIER = com.marktareshawty.FoodTracker;
				PRODUCT_NAME = "$(TARGET_NAME)";
			};
			name = Debug;
		};
		4DDD00A01C0B81080037E219 /* Release */ = {
			isa = XCBuildConfiguration;
			buildSettings = {
				ASSETCATALOG_COMPILER_APPICON_NAME = AppIcon;
				INFOPLIST_FILE = FoodTracker/Info.plist;
				LD_RUNPATH_SEARCH_PATHS = "$(inherited) @executable_path/Frameworks";
				PRODUCT_BUNDLE_IDENTIFIER = com.marktareshawty.FoodTracker;
				PRODUCT_NAME = "$(TARGET_NAME)";
			};
			name = Release;
		};
		4DDD00A21C0B81080037E219 /* Debug */ = {
			isa = XCBuildConfiguration;
			buildSettings = {
				BUNDLE_LOADER = "$(TEST_HOST)";
				INFOPLIST_FILE = FoodTrackerTests/Info.plist;
				LD_RUNPATH_SEARCH_PATHS = "$(inherited) @executable_path/Frameworks @loader_path/Frameworks";
				PRODUCT_BUNDLE_IDENTIFIER = com.marktareshawty.FoodTrackerTests;
				PRODUCT_NAME = "$(TARGET_NAME)";
				TEST_HOST = "$(BUILT_PRODUCTS_DIR)/FoodTracker.app/FoodTracker";
			};
			name = Debug;
		};
		4DDD00A31C0B81080037E219 /* Release */ = {
			isa = XCBuildConfiguration;
			buildSettings = {
				BUNDLE_LOADER = "$(TEST_HOST)";
				INFOPLIST_FILE = FoodTrackerTests/Info.plist;
				LD_RUNPATH_SEARCH_PATHS = "$(inherited) @executable_path/Frameworks @loader_path/Frameworks";
				PRODUCT_BUNDLE_IDENTIFIER = com.marktareshawty.FoodTrackerTests;
				PRODUCT_NAME = "$(TARGET_NAME)";
				TEST_HOST = "$(BUILT_PRODUCTS_DIR)/FoodTracker.app/FoodTracker";
			};
			name = Release;
		};
/* End XCBuildConfiguration section */

/* Begin XCConfigurationList section */
		4DDD007C1C0B81080037E219 /* Build configuration list for PBXProject "FoodTracker" */ = {
			isa = XCConfigurationList;
			buildConfigurations = (
				4DDD009C1C0B81080037E219 /* Debug */,
				4DDD009D1C0B81080037E219 /* Release */,
			);
			defaultConfigurationIsVisible = 0;
			defaultConfigurationName = Release;
		};
		4DDD009E1C0B81080037E219 /* Build configuration list for PBXNativeTarget "FoodTracker" */ = {
			isa = XCConfigurationList;
			buildConfigurations = (
				4DDD009F1C0B81080037E219 /* Debug */,
				4DDD00A01C0B81080037E219 /* Release */,
			);
			defaultConfigurationIsVisible = 0;
		};
		4DDD00A11C0B81080037E219 /* Build configuration list for PBXNativeTarget "FoodTrackerTests" */ = {
			isa = XCConfigurationList;
			buildConfigurations = (
				4DDD00A21C0B81080037E219 /* Debug */,
				4DDD00A31C0B81080037E219 /* Release */,
			);
			defaultConfigurationIsVisible = 0;
		};
/* End XCConfigurationList section */
	};
	rootObject = 4DDD00791C0B81080037E219 /* Project object */;
}
